
Microsoft Visual Studio Solution File, Format Version 12.00
# Visual Studio Version 16
VisualStudioVersion = 16.0.30001.183
MinimumVisualStudioVersion = 10.0.40219.1
Project("{FAE04EC0-301F-11D3-BF4B-00C04F79EFBC}") = "EventGridDemo", "EventGridDemo\EventGridDemo.csproj", "{0E623544-A2CC-44D8-9160-03BB1E44C127}"
EndProject
Global
	GlobalSection(SolutionConfigurationPlatforms) = preSolution
		Debug|Any CPU = Debug|Any CPU
		Release|Any CPU = Release|Any CPU
	EndGlobalSection
	GlobalSection(ProjectConfigurationPlatforms) = postSolution
		{0E623544-A2CC-44D8-9160-03BB1E44C127}.Debug|Any CPU.ActiveCfg = Debug|Any CPU
		{0E623544-A2CC-44D8-9160-03BB1E44C127}.Debug|Any CPU.Build.0 = Debug|Any CPU
		{0E623544-A2CC-44D8-9160-03BB1E44C127}.Release|Any CPU.ActiveCfg = Release|Any CPU
		{0E623544-A2CC-44D8-9160-03BB1E44C127}.Release|Any CPU.Build.0 = Release|Any CPU
	EndGlobalSection
	GlobalSection(SolutionProperties) = preSolution
		HideSolutionNode = FALSE
	EndGlobalSection
	GlobalSection(ExtensibilityGlobals) = postSolution
		SolutionGuid = {64FCDDF3-1F50-482E-AFA6-E8A53370E1CC}
	EndGlobalSection
EndGlobal
